// !$*UTF8*$!
{
	archiveVersion = 1;
	classes = {
	};
	objectVersion = 56;
	objects = {

/* Begin PBXBuildFile section */
		525581F929C804B500E3C39F /* TweetTableViewCell.swift in Sources */ = {isa = PBXBuildFile; fileRef = 525581F829C804B500E3C39F /* TweetTableViewCell.swift */; };
		525581FC29C92EDD00E3C39F /* ProfileViewController.swift in Sources */ = {isa = PBXBuildFile; fileRef = 525581FB29C92EDD00E3C39F /* ProfileViewController.swift */; };
		525581FF29C9359200E3C39F /* ProfileTableViewHeader.swift in Sources */ = {isa = PBXBuildFile; fileRef = 525581FE29C9359200E3C39F /* ProfileTableViewHeader.swift */; };
		52F760A229C555AB00F9C35A /* AppDelegate.swift in Sources */ = {isa = PBXBuildFile; fileRef = 52F760A129C555AB00F9C35A /* AppDelegate.swift */; };
		52F760A429C555AB00F9C35A /* SceneDelegate.swift in Sources */ = {isa = PBXBuildFile; fileRef = 52F760A329C555AB00F9C35A /* SceneDelegate.swift */; };
		52F760A629C555AB00F9C35A /* MainTabbarViewController.swift in Sources */ = {isa = PBXBuildFile; fileRef = 52F760A529C555AB00F9C35A /* MainTabbarViewController.swift */; };
		52F760AB29C555AE00F9C35A /* Assets.xcassets in Resources */ = {isa = PBXBuildFile; fileRef = 52F760AA29C555AE00F9C35A /* Assets.xcassets */; };
		52F760AE29C555AE00F9C35A /* LaunchScreen.storyboard in Resources */ = {isa = PBXBuildFile; fileRef = 52F760AC29C555AE00F9C35A /* LaunchScreen.storyboard */; };
		52F760B929C555AE00F9C35A /* TwitterCloneTests.swift in Sources */ = {isa = PBXBuildFile; fileRef = 52F760B829C555AE00F9C35A /* TwitterCloneTests.swift */; };
		52F760C329C555AE00F9C35A /* TwitterCloneUITests.swift in Sources */ = {isa = PBXBuildFile; fileRef = 52F760C229C555AE00F9C35A /* TwitterCloneUITests.swift */; };
		52F760C529C555AE00F9C35A /* TwitterCloneUITestsLaunchTests.swift in Sources */ = {isa = PBXBuildFile; fileRef = 52F760C429C555AE00F9C35A /* TwitterCloneUITestsLaunchTests.swift */; };
		52F760D429C559ED00F9C35A /* HomeViewController.swift in Sources */ = {isa = PBXBuildFile; fileRef = 52F760D329C559ED00F9C35A /* HomeViewController.swift */; };
		52F760D629C55A1000F9C35A /* SearchViewController.swift in Sources */ = {isa = PBXBuildFile; fileRef = 52F760D529C55A1000F9C35A /* SearchViewController.swift */; };
		52F760D829C55A2D00F9C35A /* NotificationsViewController.swift in Sources */ = {isa = PBXBuildFile; fileRef = 52F760D729C55A2D00F9C35A /* NotificationsViewController.swift */; };
		52F760DA29C55A4B00F9C35A /* DirectMessagesViewController.swift in Sources */ = {isa = PBXBuildFile; fileRef = 52F760D929C55A4B00F9C35A /* DirectMessagesViewController.swift */; };
/* End PBXBuildFile section */

/* Begin PBXContainerItemProxy section */
		52F760B529C555AE00F9C35A /* PBXContainerItemProxy */ = {
			isa = PBXContainerItemProxy;
			containerPortal = 52F7609629C555AB00F9C35A /* Project object */;
			proxyType = 1;
			remoteGlobalIDString = 52F7609D29C555AB00F9C35A;
			remoteInfo = TwitterClone;
		};
		52F760BF29C555AE00F9C35A /* PBXContainerItemProxy */ = {
			isa = PBXContainerItemProxy;
			containerPortal = 52F7609629C555AB00F9C35A /* Project object */;
			proxyType = 1;
			remoteGlobalIDString = 52F7609D29C555AB00F9C35A;
			remoteInfo = TwitterClone;
		};
/* End PBXContainerItemProxy section */

/* Begin PBXFileReference section */
		525581F829C804B500E3C39F /* TweetTableViewCell.swift */ = {isa = PBXFileReference; lastKnownFileType = sourcecode.swift; path = TweetTableViewCell.swift; sourceTree = "<group>"; };
		525581FB29C92EDD00E3C39F /* ProfileViewController.swift */ = {isa = PBXFileReference; lastKnownFileType = sourcecode.swift; path = ProfileViewController.swift; sourceTree = "<group>"; };
		525581FE29C9359200E3C39F /* ProfileTableViewHeader.swift */ = {isa = PBXFileReference; lastKnownFileType = sourcecode.swift; path = ProfileTableViewHeader.swift; sourceTree = "<group>"; };
		52F7609E29C555AB00F9C35A /* TwitterClone.app */ = {isa = PBXFileReference; explicitFileType = wrapper.application; includeInIndex = 0; path = TwitterClone.app; sourceTree = BUILT_PRODUCTS_DIR; };
		52F760A129C555AB00F9C35A /* AppDelegate.swift */ = {isa = PBXFileReference; lastKnownFileType = sourcecode.swift; path = AppDelegate.swift; sourceTree = "<group>"; };
		52F760A329C555AB00F9C35A /* SceneDelegate.swift */ = {isa = PBXFileReference; lastKnownFileType = sourcecode.swift; path = SceneDelegate.swift; sourceTree = "<group>"; };
		52F760A529C555AB00F9C35A /* MainTabbarViewController.swift */ = {isa = PBXFileReference; lastKnownFileType = sourcecode.swift; path = MainTabbarViewController.swift; sourceTree = "<group>"; };
		52F760AA29C555AE00F9C35A /* Assets.xcassets */ = {isa = PBXFileReference; lastKnownFileType = folder.assetcatalog; path = Assets.xcassets; sourceTree = "<group>"; };
		52F760AD29C555AE00F9C35A /* Base */ = {isa = PBXFileReference; lastKnownFileType = file.storyboard; name = Base; path = Base.lproj/LaunchScreen.storyboard; sourceTree = "<group>"; };
		52F760AF29C555AE00F9C35A /* Info.plist */ = {isa = PBXFileReference; lastKnownFileType = text.plist.xml; path = Info.plist; sourceTree = "<group>"; };
		52F760B429C555AE00F9C35A /* TwitterCloneTests.xctest */ = {isa = PBXFileReference; explicitFileType = wrapper.cfbundle; includeInIndex = 0; path = TwitterCloneTests.xctest; sourceTree = BUILT_PRODUCTS_DIR; };
		52F760B829C555AE00F9C35A /* TwitterCloneTests.swift */ = {isa = PBXFileReference; lastKnownFileType = sourcecode.swift; path = TwitterCloneTests.swift; sourceTree = "<group>"; };
		52F760BE29C555AE00F9C35A /* TwitterCloneUITests.xctest */ = {isa = PBXFileReference; explicitFileType = wrapper.cfbundle; includeInIndex = 0; path = TwitterCloneUITests.xctest; sourceTree = BUILT_PRODUCTS_DIR; };
		52F760C229C555AE00F9C35A /* TwitterCloneUITests.swift */ = {isa = PBXFileReference; lastKnownFileType = sourcecode.swift; path = TwitterCloneUITests.swift; sourceTree = "<group>"; };
		52F760C429C555AE00F9C35A /* TwitterCloneUITestsLaunchTests.swift */ = {isa = PBXFileReference; lastKnownFileType = sourcecode.swift; path = TwitterCloneUITestsLaunchTests.swift; sourceTree = "<group>"; };
		52F760D329C559ED00F9C35A /* HomeViewController.swift */ = {isa = PBXFileReference; lastKnownFileType = sourcecode.swift; path = HomeViewController.swift; sourceTree = "<group>"; };
		52F760D529C55A1000F9C35A /* SearchViewController.swift */ = {isa = PBXFileReference; lastKnownFileType = sourcecode.swift; path = SearchViewController.swift; sourceTree = "<group>"; };
		52F760D729C55A2D00F9C35A /* NotificationsViewController.swift */ = {isa = PBXFileReference; lastKnownFileType = sourcecode.swift; path = NotificationsViewController.swift; sourceTree = "<group>"; };
		52F760D929C55A4B00F9C35A /* DirectMessagesViewController.swift */ = {isa = PBXFileReference; lastKnownFileType = sourcecode.swift; path = DirectMessagesViewController.swift; sourceTree = "<group>"; };
/* End PBXFileReference section */

/* Begin PBXFrameworksBuildPhase section */
		52F7609B29C555AB00F9C35A /* Frameworks */ = {
			isa = PBXFrameworksBuildPhase;
			buildActionMask = 2147483647;
			files = (
			);
			runOnlyForDeploymentPostprocessing = 0;
		};
		52F760B129C555AE00F9C35A /* Frameworks */ = {
			isa = PBXFrameworksBuildPhase;
			buildActionMask = 2147483647;
			files = (
			);
			runOnlyForDeploymentPostprocessing = 0;
		};
		52F760BB29C555AE00F9C35A /* Frameworks */ = {
			isa = PBXFrameworksBuildPhase;
			buildActionMask = 2147483647;
			files = (
			);
			runOnlyForDeploymentPostprocessing = 0;
		};
/* End PBXFrameworksBuildPhase section */

/* Begin PBXGroup section */
		525581F729C8045200E3C39F /* Views */ = {
			isa = PBXGroup;
			children = (
				525581F829C804B500E3C39F /* TweetTableViewCell.swift */,
				525581FE29C9359200E3C39F /* ProfileTableViewHeader.swift */,
			);
			path = Views;
			sourceTree = "<group>";
		};
		525581FA29C92EB100E3C39F /* General */ = {
			isa = PBXGroup;
			children = (
				525581FB29C92EDD00E3C39F /* ProfileViewController.swift */,
			);
			path = General;
			sourceTree = "<group>";
		};
		52F7609529C555AB00F9C35A = {
			isa = PBXGroup;
			children = (
				52F760A029C555AB00F9C35A /* TwitterClone */,
				52F760B729C555AE00F9C35A /* TwitterCloneTests */,
				52F760C129C555AE00F9C35A /* TwitterCloneUITests */,
				52F7609F29C555AB00F9C35A /* Products */,
			);
			sourceTree = "<group>";
		};
		52F7609F29C555AB00F9C35A /* Products */ = {
			isa = PBXGroup;
			children = (
				52F7609E29C555AB00F9C35A /* TwitterClone.app */,
				52F760B429C555AE00F9C35A /* TwitterCloneTests.xctest */,
				52F760BE29C555AE00F9C35A /* TwitterCloneUITests.xctest */,
			);
			name = Products;
			sourceTree = "<group>";
		};
		52F760A029C555AB00F9C35A /* TwitterClone */ = {
			isa = PBXGroup;
			children = (
				525581F729C8045200E3C39F /* Views */,
				52F760D129C559A200F9C35A /* Controllers */,
				52F760A129C555AB00F9C35A /* AppDelegate.swift */,
				52F760A329C555AB00F9C35A /* SceneDelegate.swift */,
				52F760AA29C555AE00F9C35A /* Assets.xcassets */,
				52F760AC29C555AE00F9C35A /* LaunchScreen.storyboard */,
				52F760AF29C555AE00F9C35A /* Info.plist */,
			);
			path = TwitterClone;
			sourceTree = "<group>";
		};
		52F760B729C555AE00F9C35A /* TwitterCloneTests */ = {
			isa = PBXGroup;
			children = (
				52F760B829C555AE00F9C35A /* TwitterCloneTests.swift */,
			);
			path = TwitterCloneTests;
			sourceTree = "<group>";
		};
		52F760C129C555AE00F9C35A /* TwitterCloneUITests */ = {
			isa = PBXGroup;
			children = (
				52F760C229C555AE00F9C35A /* TwitterCloneUITests.swift */,
				52F760C429C555AE00F9C35A /* TwitterCloneUITestsLaunchTests.swift */,
			);
			path = TwitterCloneUITests;
			sourceTree = "<group>";
		};
		52F760D129C559A200F9C35A /* Controllers */ = {
			isa = PBXGroup;
			children = (
				525581FA29C92EB100E3C39F /* General */,
				52F760D229C559B300F9C35A /* Core */,
			);
			path = Controllers;
			sourceTree = "<group>";
		};
		52F760D229C559B300F9C35A /* Core */ = {
			isa = PBXGroup;
			children = (
				52F760A529C555AB00F9C35A /* MainTabbarViewController.swift */,
				52F760D329C559ED00F9C35A /* HomeViewController.swift */,
				52F760D529C55A1000F9C35A /* SearchViewController.swift */,
				52F760D729C55A2D00F9C35A /* NotificationsViewController.swift */,
				52F760D929C55A4B00F9C35A /* DirectMessagesViewController.swift */,
			);
			path = Core;
			sourceTree = "<group>";
		};
/* End PBXGroup section */

/* Begin PBXNativeTarget section */
		52F7609D29C555AB00F9C35A /* TwitterClone */ = {
			isa = PBXNativeTarget;
			buildConfigurationList = 52F760C829C555AE00F9C35A /* Build configuration list for PBXNativeTarget "TwitterClone" */;
			buildPhases = (
				52F7609A29C555AB00F9C35A /* Sources */,
				52F7609B29C555AB00F9C35A /* Frameworks */,
				52F7609C29C555AB00F9C35A /* Resources */,
			);
			buildRules = (
			);
			dependencies = (
			);
			name = TwitterClone;
			productName = TwitterClone;
			productReference = 52F7609E29C555AB00F9C35A /* TwitterClone.app */;
			productType = "com.apple.product-type.application";
		};
		52F760B329C555AE00F9C35A /* TwitterCloneTests */ = {
			isa = PBXNativeTarget;
			buildConfigurationList = 52F760CB29C555AE00F9C35A /* Build configuration list for PBXNativeTarget "TwitterCloneTests" */;
			buildPhases = (
				52F760B029C555AE00F9C35A /* Sources */,
				52F760B129C555AE00F9C35A /* Frameworks */,
				52F760B229C555AE00F9C35A /* Resources */,
			);
			buildRules = (
			);
			dependencies = (
				52F760B629C555AE00F9C35A /* PBXTargetDependency */,
			);
			name = TwitterCloneTests;
			productName = TwitterCloneTests;
			productReference = 52F760B429C555AE00F9C35A /* TwitterCloneTests.xctest */;
			productType = "com.apple.product-type.bundle.unit-test";
		};
		52F760BD29C555AE00F9C35A /* TwitterCloneUITests */ = {
			isa = PBXNativeTarget;
			buildConfigurationList = 52F760CE29C555AE00F9C35A /* Build configuration list for PBXNativeTarget "TwitterCloneUITests" */;
			buildPhases = (
				52F760BA29C555AE00F9C35A /* Sources */,
				52F760BB29C555AE00F9C35A /* Frameworks */,
				52F760BC29C555AE00F9C35A /* Resources */,
			);
			buildRules = (
			);
			dependencies = (
				52F760C029C555AE00F9C35A /* PBXTargetDependency */,
			);
			name = TwitterCloneUITests;
			productName = TwitterCloneUITests;
			productReference = 52F760BE29C555AE00F9C35A /* TwitterCloneUITests.xctest */;
			productType = "com.apple.product-type.bundle.ui-testing";
		};
/* End PBXNativeTarget section */

/* Begin PBXProject section */
		52F7609629C555AB00F9C35A /* Project object */ = {
			isa = PBXProject;
			attributes = {
				BuildIndependentTargetsInParallel = 1;
				LastSwiftUpdateCheck = 1420;
				LastUpgradeCheck = 1420;
				TargetAttributes = {
					52F7609D29C555AB00F9C35A = {
						CreatedOnToolsVersion = 14.2;
					};
					52F760B329C555AE00F9C35A = {
						CreatedOnToolsVersion = 14.2;
						TestTargetID = 52F7609D29C555AB00F9C35A;
					};
					52F760BD29C555AE00F9C35A = {
						CreatedOnToolsVersion = 14.2;
						TestTargetID = 52F7609D29C555AB00F9C35A;
					};
				};
			};
			buildConfigurationList = 52F7609929C555AB00F9C35A /* Build configuration list for PBXProject "TwitterClone" */;
			compatibilityVersion = "Xcode 14.0";
			developmentRegion = en;
			hasScannedForEncodings = 0;
			knownRegions = (
				en,
				Base,
			);
			mainGroup = 52F7609529C555AB00F9C35A;
			productRefGroup = 52F7609F29C555AB00F9C35A /* Products */;
			projectDirPath = "";
			projectRoot = "";
			targets = (
				52F7609D29C555AB00F9C35A /* TwitterClone */,
				52F760B329C555AE00F9C35A /* TwitterCloneTests */,
				52F760BD29C555AE00F9C35A /* TwitterCloneUITests */,
			);
		};
/* End PBXProject section */

/* Begin PBXResourcesBuildPhase section */
		52F7609C29C555AB00F9C35A /* Resources */ = {
			isa = PBXResourcesBuildPhase;
			buildActionMask = 2147483647;
			files = (
				52F760AE29C555AE00F9C35A /* LaunchScreen.storyboard in Resources */,
				52F760AB29C555AE00F9C35A /* Assets.xcassets in Resources */,
			);
			runOnlyForDeploymentPostprocessing = 0;
		};
		52F760B229C555AE00F9C35A /* Resources */ = {
			isa = PBXResourcesBuildPhase;
			buildActionMask = 2147483647;
			files = (
			);
			runOnlyForDeploymentPostprocessing = 0;
		};
		52F760BC29C555AE00F9C35A /* Resources */ = {
			isa = PBXResourcesBuildPhase;
			buildActionMask = 2147483647;
			files = (
			);
			runOnlyForDeploymentPostprocessing = 0;
		};
/* End PBXResourcesBuildPhase section */

/* Begin PBXSourcesBuildPhase section */
		52F7609A29C555AB00F9C35A /* Sources */ = {
			isa = PBXSourcesBuildPhase;
			buildActionMask = 2147483647;
			files = (
				52F760D629C55A1000F9C35A /* SearchViewController.swift in Sources */,
				52F760D429C559ED00F9C35A /* HomeViewController.swift in Sources */,
				52F760A629C555AB00F9C35A /* MainTabbarViewController.swift in Sources */,
				52F760D829C55A2D00F9C35A /* NotificationsViewController.swift in Sources */,
				52F760A229C555AB00F9C35A /* AppDelegate.swift in Sources */,
				52F760A429C555AB00F9C35A /* SceneDelegate.swift in Sources */,
				525581FC29C92EDD00E3C39F /* ProfileViewController.swift in Sources */,
				52F760DA29C55A4B00F9C35A /* DirectMessagesViewController.swift in Sources */,
				525581FF29C9359200E3C39F /* ProfileTableViewHeader.swift in Sources */,
				525581F929C804B500E3C39F /* TweetTableViewCell.swift in Sources */,
			);
			runOnlyForDeploymentPostprocessing = 0;
		};
		52F760B029C555AE00F9C35A /* Sources */ = {
			isa = PBXSourcesBuildPhase;
			buildActionMask = 2147483647;
			files = (
				52F760B929C555AE00F9C35A /* TwitterCloneTests.swift in Sources */,
			);
			runOnlyForDeploymentPostprocessing = 0;
		};
		52F760BA29C555AE00F9C35A /* Sources */ = {
			isa = PBXSourcesBuildPhase;
			buildActionMask = 2147483647;
			files = (
				52F760C529C555AE00F9C35A /* TwitterCloneUITestsLaunchTests.swift in Sources */,
				52F760C329C555AE00F9C35A /* TwitterCloneUITests.swift in Sources */,
			);
			runOnlyForDeploymentPostprocessing = 0;
		};
/* End PBXSourcesBuildPhase section */

/* Begin PBXTargetDependency section */
		52F760B629C555AE00F9C35A /* PBXTargetDependency */ = {
			isa = PBXTargetDependency;
			target = 52F7609D29C555AB00F9C35A /* TwitterClone */;
			targetProxy = 52F760B529C555AE00F9C35A /* PBXContainerItemProxy */;
		};
		52F760C029C555AE00F9C35A /* PBXTargetDependency */ = {
			isa = PBXTargetDependency;
			target = 52F7609D29C555AB00F9C35A /* TwitterClone */;
			targetProxy = 52F760BF29C555AE00F9C35A /* PBXContainerItemProxy */;
		};
/* End PBXTargetDependency section */

/* Begin PBXVariantGroup section */
		52F760AC29C555AE00F9C35A /* LaunchScreen.storyboard */ = {
			isa = PBXVariantGroup;
			children = (
				52F760AD29C555AE00F9C35A /* Base */,
			);
			name = LaunchScreen.storyboard;
			sourceTree = "<group>";
		};
/* End PBXVariantGroup section */

/* Begin XCBuildConfiguration section */
		52F760C629C555AE00F9C35A /* Debug */ = {
			isa = XCBuildConfiguration;
			buildSettings = {
				ALWAYS_SEARCH_USER_PATHS = NO;
				CLANG_ANALYZER_NONNULL = YES;
				CLANG_ANALYZER_NUMBER_OBJECT_CONVERSION = YES_AGGRESSIVE;
				CLANG_CXX_LANGUAGE_STANDARD = "gnu++20";
				CLANG_ENABLE_MODULES = YES;
				CLANG_ENABLE_OBJC_ARC = YES;
				CLANG_ENABLE_OBJC_WEAK = YES;
				CLANG_WARN_BLOCK_CAPTURE_AUTORELEASING = YES;
				CLANG_WARN_BOOL_CONVERSION = YES;
				CLANG_WARN_COMMA = YES;
				CLANG_WARN_CONSTANT_CONVERSION = YES;
				CLANG_WARN_DEPRECATED_OBJC_IMPLEMENTATIONS = YES;
				CLANG_WARN_DIRECT_OBJC_ISA_USAGE = YES_ERROR;
				CLANG_WARN_DOCUMENTATION_COMMENTS = YES;
				CLANG_WARN_EMPTY_BODY = YES;
				CLANG_WARN_ENUM_CONVERSION = YES;
				CLANG_WARN_INFINITE_RECURSION = YES;
				CLANG_WARN_INT_CONVERSION = YES;
				CLANG_WARN_NON_LITERAL_NULL_CONVERSION = YES;
				CLANG_WARN_OBJC_IMPLICIT_RETAIN_SELF = YES;
				CLANG_WARN_OBJC_LITERAL_CONVERSION = YES;
				CLANG_WARN_OBJC_ROOT_CLASS = YES_ERROR;
				CLANG_WARN_QUOTED_INCLUDE_IN_FRAMEWORK_HEADER = YES;
				CLANG_WARN_RANGE_LOOP_ANALYSIS = YES;
				CLANG_WARN_STRICT_PROTOTYPES = YES;
				CLANG_WARN_SUSPICIOUS_MOVE = YES;
				CLANG_WARN_UNGUARDED_AVAILABILITY = YES_AGGRESSIVE;
				CLANG_WARN_UNREACHABLE_CODE = YES;
				CLANG_WARN__DUPLICATE_METHOD_MATCH = YES;
				COPY_PHASE_STRIP = NO;
				DEBUG_INFORMATION_FORMAT = dwarf;
				ENABLE_STRICT_OBJC_MSGSEND = YES;
				ENABLE_TESTABILITY = YES;
				GCC_C_LANGUAGE_STANDARD = gnu11;
				GCC_DYNAMIC_NO_PIC = NO;
				GCC_NO_COMMON_BLOCKS = YES;
				GCC_OPTIMIZATION_LEVEL = 0;
				GCC_PREPROCESSOR_DEFINITIONS = (
					"DEBUG=1",
					"$(inherited)",
				);
				GCC_WARN_64_TO_32_BIT_CONVERSION = YES;
				GCC_WARN_ABOUT_RETURN_TYPE = YES_ERROR;
				GCC_WARN_UNDECLARED_SELECTOR = YES;
				GCC_WARN_UNINITIALIZED_AUTOS = YES_AGGRESSIVE;
				GCC_WARN_UNUSED_FUNCTION = YES;
				GCC_WARN_UNUSED_VARIABLE = YES;
				IPHONEOS_DEPLOYMENT_TARGET = 16.2;
				MTL_ENABLE_DEBUG_INFO = INCLUDE_SOURCE;
				MTL_FAST_MATH = YES;
				ONLY_ACTIVE_ARCH = YES;
				SDKROOT = iphoneos;
				SWIFT_ACTIVE_COMPILATION_CONDITIONS = DEBUG;
				SWIFT_OPTIMIZATION_LEVEL = "-Onone";
			};
			name = Debug;
		};
		52F760C729C555AE00F9C35A /* Release */ = {
			isa = XCBuildConfiguration;
			buildSettings = {
				ALWAYS_SEARCH_USER_PATHS = NO;
				CLANG_ANALYZER_NONNULL = YES;
				CLANG_ANALYZER_NUMBER_OBJECT_CONVERSION = YES_AGGRESSIVE;
				CLANG_CXX_LANGUAGE_STANDARD = "gnu++20";
				CLANG_ENABLE_MODULES = YES;
				CLANG_ENABLE_OBJC_ARC = YES;
				CLANG_ENABLE_OBJC_WEAK = YES;
				CLANG_WARN_BLOCK_CAPTURE_AUTORELEASING = YES;
				CLANG_WARN_BOOL_CONVERSION = YES;
				CLANG_WARN_COMMA = YES;
				CLANG_WARN_CONSTANT_CONVERSION = YES;
				CLANG_WARN_DEPRECATED_OBJC_IMPLEMENTATIONS = YES;
				CLANG_WARN_DIRECT_OBJC_ISA_USAGE = YES_ERROR;
				CLANG_WARN_DOCUMENTATION_COMMENTS = YES;
				CLANG_WARN_EMPTY_BODY = YES;
				CLANG_WARN_ENUM_CONVERSION = YES;
				CLANG_WARN_INFINITE_RECURSION = YES;
				CLANG_WARN_INT_CONVERSION = YES;
				CLANG_WARN_NON_LITERAL_NULL_CONVERSION = YES;
				CLANG_WARN_OBJC_IMPLICIT_RETAIN_SELF = YES;
				CLANG_WARN_OBJC_LITERAL_CONVERSION = YES;
				CLANG_WARN_OBJC_ROOT_CLASS = YES_ERROR;
				CLANG_WARN_QUOTED_INCLUDE_IN_FRAMEWORK_HEADER = YES;
				CLANG_WARN_RANGE_LOOP_ANALYSIS = YES;
				CLANG_WARN_STRICT_PROTOTYPES = YES;
				CLANG_WARN_SUSPICIOUS_MOVE = YES;
				CLANG_WARN_UNGUARDED_AVAILABILITY = YES_AGGRESSIVE;
				CLANG_WARN_UNREACHABLE_CODE = YES;
				CLANG_WARN__DUPLICATE_METHOD_MATCH = YES;
				COPY_PHASE_STRIP = NO;
				DEBUG_INFORMATION_FORMAT = "dwarf-with-dsym";
				ENABLE_NS_ASSERTIONS = NO;
				ENABLE_STRICT_OBJC_MSGSEND = YES;
				GCC_C_LANGUAGE_STANDARD = gnu11;
				GCC_NO_COMMON_BLOCKS = YES;
				GCC_WARN_64_TO_32_BIT_CONVERSION = YES;
				GCC_WARN_ABOUT_RETURN_TYPE = YES_ERROR;
				GCC_WARN_UNDECLARED_SELECTOR = YES;
				GCC_WARN_UNINITIALIZED_AUTOS = YES_AGGRESSIVE;
				GCC_WARN_UNUSED_FUNCTION = YES;
				GCC_WARN_UNUSED_VARIABLE = YES;
				IPHONEOS_DEPLOYMENT_TARGET = 16.2;
				MTL_ENABLE_DEBUG_INFO = NO;
				MTL_FAST_MATH = YES;
				SDKROOT = iphoneos;
				SWIFT_COMPILATION_MODE = wholemodule;
				SWIFT_OPTIMIZATION_LEVEL = "-O";
				VALIDATE_PRODUCT = YES;
			};
			name = Release;
		};
		52F760C929C555AE00F9C35A /* Debug */ = {
			isa = XCBuildConfiguration;
			buildSettings = {
				ASSETCATALOG_COMPILER_APPICON_NAME = AppIcon;
				ASSETCATALOG_COMPILER_GLOBAL_ACCENT_COLOR_NAME = AccentColor;
				CODE_SIGN_STYLE = Automatic;
				CURRENT_PROJECT_VERSION = 1;
				GENERATE_INFOPLIST_FILE = YES;
				INFOPLIST_FILE = TwitterClone/Info.plist;
				INFOPLIST_KEY_UIApplicationSupportsIndirectInputEvents = YES;
				INFOPLIST_KEY_UILaunchStoryboardName = LaunchScreen;
				INFOPLIST_KEY_UISupportedInterfaceOrientations_iPad = "UIInterfaceOrientationPortrait UIInterfaceOrientationPortraitUpsideDown UIInterfaceOrientationLandscapeLeft UIInterfaceOrientationLandscapeRight";
				INFOPLIST_KEY_UISupportedInterfaceOrientations_iPhone = "UIInterfaceOrientationPortrait UIInterfaceOrientationLandscapeLeft UIInterfaceOrientationLandscapeRight";
				LD_RUNPATH_SEARCH_PATHS = (
					"$(inherited)",
					"@executable_path/Frameworks",
				);
				MARKETING_VERSION = 1.0;
				PRODUCT_BUNDLE_IDENTIFIER = com.TwitterClone;
				PRODUCT_NAME = "$(TARGET_NAME)";
				SWIFT_EMIT_LOC_STRINGS = YES;
				SWIFT_VERSION = 5.0;
				TARGETED_DEVICE_FAMILY = "1,2";
			};
			name = Debug;
		};
		52F760CA29C555AE00F9C35A /* Release */ = {
			isa = XCBuildConfiguration;
			buildSettings = {
				ASSETCATALOG_COMPILER_APPICON_NAME = AppIcon;
				ASSETCATALOG_COMPILER_GLOBAL_ACCENT_COLOR_NAME = AccentColor;
				CODE_SIGN_STYLE = Automatic;
				CURRENT_PROJECT_VERSION = 1;
				GENERATE_INFOPLIST_FILE = YES;
				INFOPLIST_FILE = TwitterClone/Info.plist;
				INFOPLIST_KEY_UIApplicationSupportsIndirectInputEvents = YES;
				INFOPLIST_KEY_UILaunchStoryboardName = LaunchScreen;
				INFOPLIST_KEY_UISupportedInterfaceOrientations_iPad = "UIInterfaceOrientationPortrait UIInterfaceOrientationPortraitUpsideDown UIInterfaceOrientationLandscapeLeft UIInterfaceOrientationLandscapeRight";
				INFOPLIST_KEY_UISupportedInterfaceOrientations_iPhone = "UIInterfaceOrientationPortrait UIInterfaceOrientationLandscapeLeft UIInterfaceOrientationLandscapeRight";
				LD_RUNPATH_SEARCH_PATHS = (
					"$(inherited)",
					"@executable_path/Frameworks",
				);
				MARKETING_VERSION = 1.0;
				PRODUCT_BUNDLE_IDENTIFIER = com.TwitterClone;
				PRODUCT_NAME = "$(TARGET_NAME)";
				SWIFT_EMIT_LOC_STRINGS = YES;
				SWIFT_VERSION = 5.0;
				TARGETED_DEVICE_FAMILY = "1,2";
			};
			name = Release;
		};
		52F760CC29C555AE00F9C35A /* Debug */ = {
			isa = XCBuildConfiguration;
			buildSettings = {
				ALWAYS_EMBED_SWIFT_STANDARD_LIBRARIES = YES;
				BUNDLE_LOADER = "$(TEST_HOST)";
				CODE_SIGN_STYLE = Automatic;
				CURRENT_PROJECT_VERSION = 1;
				GENERATE_INFOPLIST_FILE = YES;
				IPHONEOS_DEPLOYMENT_TARGET = 16.2;
				MARKETING_VERSION = 1.0;
				PRODUCT_BUNDLE_IDENTIFIER = com.TwitterCloneTests;
				PRODUCT_NAME = "$(TARGET_NAME)";
				SWIFT_EMIT_LOC_STRINGS = NO;
				SWIFT_VERSION = 5.0;
				TARGETED_DEVICE_FAMILY = "1,2";
				TEST_HOST = "$(BUILT_PRODUCTS_DIR)/TwitterClone.app/$(BUNDLE_EXECUTABLE_FOLDER_PATH)/TwitterClone";
			};
			name = Debug;
		};
		52F760CD29C555AE00F9C35A /* Release */ = {
			isa = XCBuildConfiguration;
			buildSettings = {
				ALWAYS_EMBED_SWIFT_STANDARD_LIBRARIES = YES;
				BUNDLE_LOADER = "$(TEST_HOST)";
				CODE_SIGN_STYLE = Automatic;
				CURRENT_PROJECT_VERSION = 1;
				GENERATE_INFOPLIST_FILE = YES;
				IPHONEOS_DEPLOYMENT_TARGET = 16.2;
				MARKETING_VERSION = 1.0;
				PRODUCT_BUNDLE_IDENTIFIER = com.TwitterCloneTests;
				PRODUCT_NAME = "$(TARGET_NAME)";
				SWIFT_EMIT_LOC_STRINGS = NO;
				SWIFT_VERSION = 5.0;
				TARGETED_DEVICE_FAMILY = "1,2";
				TEST_HOST = "$(BUILT_PRODUCTS_DIR)/TwitterClone.app/$(BUNDLE_EXECUTABLE_FOLDER_PATH)/TwitterClone";
			};
			name = Release;
		};
		52F760CF29C555AE00F9C35A /* Debug */ = {
			isa = XCBuildConfiguration;
			buildSettings = {
				ALWAYS_EMBED_SWIFT_STANDARD_LIBRARIES = YES;
				CODE_SIGN_STYLE = Automatic;
				CURRENT_PROJECT_VERSION = 1;
				GENERATE_INFOPLIST_FILE = YES;
				MARKETING_VERSION = 1.0;
				PRODUCT_BUNDLE_IDENTIFIER = com.TwitterCloneUITests;
				PRODUCT_NAME = "$(TARGET_NAME)";
				SWIFT_EMIT_LOC_STRINGS = NO;
				SWIFT_VERSION = 5.0;
				TARGETED_DEVICE_FAMILY = "1,2";
				TEST_TARGET_NAME = TwitterClone;
			};
			name = Debug;
		};
		52F760D029C555AE00F9C35A /* Release */ = {
			isa = XCBuildConfiguration;
			buildSettings = {
				ALWAYS_EMBED_SWIFT_STANDARD_LIBRARIES = YES;
				CODE_SIGN_STYLE = Automatic;
				CURRENT_PROJECT_VERSION = 1;
				GENERATE_INFOPLIST_FILE = YES;
				MARKETING_VERSION = 1.0;
				PRODUCT_BUNDLE_IDENTIFIER = com.TwitterCloneUITests;
				PRODUCT_NAME = "$(TARGET_NAME)";
				SWIFT_EMIT_LOC_STRINGS = NO;
				SWIFT_VERSION = 5.0;
				TARGETED_DEVICE_FAMILY = "1,2";
				TEST_TARGET_NAME = TwitterClone;
			};
			name = Release;
		};
/* End XCBuildConfiguration section */

/* Begin XCConfigurationList section */
		52F7609929C555AB00F9C35A /* Build configuration list for PBXProject "TwitterClone" */ = {
			isa = XCConfigurationList;
			buildConfigurations = (
				52F760C629C555AE00F9C35A /* Debug */,
				52F760C729C555AE00F9C35A /* Release */,
			);
			defaultConfigurationIsVisible = 0;
			defaultConfigurationName = Release;
		};
		52F760C829C555AE00F9C35A /* Build configuration list for PBXNativeTarget "TwitterClone" */ = {
			isa = XCConfigurationList;
			buildConfigurations = (
				52F760C929C555AE00F9C35A /* Debug */,
				52F760CA29C555AE00F9C35A /* Release */,
			);
			defaultConfigurationIsVisible = 0;
			defaultConfigurationName = Release;
		};
		52F760CB29C555AE00F9C35A /* Build configuration list for PBXNativeTarget "TwitterCloneTests" */ = {
			isa = XCConfigurationList;
			buildConfigurations = (
				52F760CC29C555AE00F9C35A /* Debug */,
				52F760CD29C555AE00F9C35A /* Release */,
			);
			defaultConfigurationIsVisible = 0;
			defaultConfigurationName = Release;
		};
		52F760CE29C555AE00F9C35A /* Build configuration list for PBXNativeTarget "TwitterCloneUITests" */ = {
			isa = XCConfigurationList;
			buildConfigurations = (
				52F760CF29C555AE00F9C35A /* Debug */,
				52F760D029C555AE00F9C35A /* Release */,
			);
			defaultConfigurationIsVisible = 0;
			defaultConfigurationName = Release;
		};
/* End XCConfigurationList section */
	};
	rootObject = 52F7609629C555AB00F9C35A /* Project object */;
}
